# This file is autogenerated, do not edit; changes may be undone by the next 'dep ensure'.


[[projects]]
  branch = "master"
  name = "github.com/coyim/gotrax"
  packages = ["."]
  revision = "64aa0e642191449dcd9531bfafb2dbab3114a886"

[[projects]]
  branch = "master"
  name = "github.com/otrv4/ed448"
  packages = ["."]
  revision = "35f66737d61df04bcec71c8d35c1a1a0dcf2d111"

[[projects]]
  branch = "master"
  name = "golang.org/x/crypto"
  packages = ["sha3"]
  revision = "e3636079e1a4c1f337f212cc5cd2aca108f6c900"

[solve-meta]
  analyzer-name = "dep"
  analyzer-version = 1
  inputs-digest = "d53bf394d6ec72c81949245e3f61bc392e28692ece58c6b78ada95caeb0b3e0a"
  solver-name = "gps-cdcl"
  solver-version = 1
