# This file is autogenerated, do not edit; changes may be undone by the next 'dep ensure'.


[[projects]]
  branch = "master"
  name = "github.com/coyim/gotrax"
  packages = ["."]
  revision = "78364433430ea84b64b2d671f1933549825ed818"

[[projects]]
  branch = "master"
  name = "github.com/otrv4/ed448"
  packages = ["."]
  revision = "35f66737d61df04bcec71c8d35c1a1a0dcf2d111"

[[projects]]
  branch = "master"
  name = "golang.org/x/crypto"
  packages = ["sha3"]
  revision = "e3636079e1a4c1f337f212cc5cd2aca108f6c900"

[solve-meta]
  analyzer-name = "dep"
  analyzer-version = 1
  inputs-digest = "4b56deb19acd457b2fab399447a8cd434a095e16cf0f198d40abcfbdd61f8b73"
  solver-name = "gps-cdcl"
  solver-version = 1
